
Microsoft Visual Studio Solution File, Format Version 12.00
# Visual Studio Version 16
VisualStudioVersion = 16.0.31005.135
MinimumVisualStudioVersion = 10.0.40219.1
Project("{FAE04EC0-301F-11D3-BF4B-00C04F79EFBC}") = "Aula17_02(pilha)", "Aula17_02\Aula17_02(pilha).csproj", "{A06642DF-A542-4EAB-BF9D-CE4F9F56D813}"
EndProject
Global
	GlobalSection(SolutionConfigurationPlatforms) = preSolution
		Debug|Any CPU = Debug|Any CPU
		Release|Any CPU = Release|Any CPU
	EndGlobalSection
	GlobalSection(ProjectConfigurationPlatforms) = postSolution
		{A06642DF-A542-4EAB-BF9D-CE4F9F56D813}.Debug|Any CPU.ActiveCfg = Debug|Any CPU
		{A06642DF-A542-4EAB-BF9D-CE4F9F56D813}.Debug|Any CPU.Build.0 = Debug|Any CPU
		{A06642DF-A542-4EAB-BF9D-CE4F9F56D813}.Release|Any CPU.ActiveCfg = Release|Any CPU
		{A06642DF-A542-4EAB-BF9D-CE4F9F56D813}.Release|Any CPU.Build.0 = Release|Any CPU
	EndGlobalSection
	GlobalSection(SolutionProperties) = preSolution
		HideSolutionNode = FALSE
	EndGlobalSection
	GlobalSection(ExtensibilityGlobals) = postSolution
		SolutionGuid = {EF467A9E-75A2-4C5E-B7E1-6F40B11C5A69}
	EndGlobalSection
EndGlobal
